{
    "_readme": [
        "This file locks the dependencies of your project to a known state",
        "Read more about it at https://getcomposer.org/doc/01-basic-usage.md#composer-lock-the-lock-file",
        "This file is @generated automatically"
    ],
    "content-hash": "e9c42176a2ceb97e92976e6524aa0f6a",
    "packages": [
        {
            "name": "herrera-io/file-locator",
            "version": "1.0.0",
            "source": {
                "type": "git",
                "url": "https://github.com/kherge-abandoned/php-file-locator.git",
                "reference": "5762d9c38f95f7fbbf61be10f5e544ea9774a755"
            },
            "dist": {
                "type": "zip",
                "url": "https://api.github.com/repos/kherge-abandoned/php-file-locator/zipball/5762d9c38f95f7fbbf61be10f5e544ea9774a755",
                "reference": "5762d9c38f95f7fbbf61be10f5e544ea9774a755",
                "shasum": ""
            },
            "require": {
                "php": ">=5.3.3"
            },
            "type": "library",
            "extra": {
                "branch-alias": {
                    "dev-master": "1.0-dev"
                }
            },
            "autoload": {
                "psr-0": {
                    "Herrera\\FileLocator": "src/lib"
                }
            },
            "notification-url": "https://packagist.org/downloads/",
            "license": [
                "MIT"
            ],
            "authors": [
                {
                    "name": "Kevin Herrera",
                    "email": "kevin@herrera.io",
                    "homepage": "http://kevin.herrera.io"
                }
            ],
            "description": "A simple file locator library.",
            "homepage": "https://herrera-io.github.com/php-file-locator",
            "keywords": [
                "file",
                "locator"
            ],
            "time": "2013-01-16T19:23:05+00:00"
        },
        {
            "name": "mauris/yaml",
            "version": "1.0.0",
            "source": {
                "type": "git",
                "url": "https://github.com/mauris/Yaml.git",
                "reference": "f4e5637d6264fc996f01f97d661bb19789645df2"
            },
            "dist": {
                "type": "zip",
                "url": "https://api.github.com/repos/mauris/Yaml/zipball/f4e5637d6264fc996f01f97d661bb19789645df2",
                "reference": "f4e5637d6264fc996f01f97d661bb19789645df2",
                "shasum": ""
            },
            "require": {
                "php": ">=5.3.3"
            },
            "type": "library",
            "autoload": {
                "psr-0": {
                    "Symfony\\Component\\Yaml\\": "src"
                }
            },
            "notification-url": "https://packagist.org/downloads/",
            "license": [
                "MIT"
            ],
            "authors": [
                {
                    "name": "Fabien Potencier",
                    "email": "fabien@symfony.com",
                    "homepage": "http://fabien.potencier.org",
                    "role": "Lead Developer"
                },
                {
                    "name": "Symfony Community",
                    "homepage": "http://symfony.com/contributors"
                },
                {
                    "name": "Sam-Mauris Yong",
                    "email": "sam@mauris.sg",
                    "homepage": "http://mauris.sg",
                    "role": "Developer"
                }
            ],
            "description": "Mauris Build of the Symfony Yaml Component",
            "homepage": "http://symfony.com",
            "keywords": [
                "parser",
                "yaml"
            ],
            "time": "2013-05-02T11:55:31+00:00"
        },
        {
            "name": "phpmailer/phpmailer",
            "version": "v5.2.21",
            "source": {
                "type": "git",
                "url": "https://github.com/PHPMailer/PHPMailer.git",
                "reference": "1d51856b76c06fc687fcd9180efa7a0bed0d761e"
            },
            "dist": {
                "type": "zip",
                "url": "https://api.github.com/repos/PHPMailer/PHPMailer/zipball/1d51856b76c06fc687fcd9180efa7a0bed0d761e",
                "reference": "1d51856b76c06fc687fcd9180efa7a0bed0d761e",
                "shasum": ""
            },
            "require": {
                "php": ">=5.0.0"
            },
            "require-dev": {
                "phpdocumentor/phpdocumentor": "*",
                "phpunit/phpunit": "4.7.*"
            },
            "suggest": {
                "league/oauth2-google": "Needed for Google XOAUTH2 authentication"
            },
            "type": "library",
            "autoload": {
                "classmap": [
                    "class.phpmailer.php",
                    "class.phpmaileroauth.php",
                    "class.phpmaileroauthgoogle.php",
                    "class.smtp.php",
                    "class.pop3.php",
                    "extras/EasyPeasyICS.php",
                    "extras/ntlm_sasl_client.php"
                ]
            },
            "notification-url": "https://packagist.org/downloads/",
            "license": [
                "LGPL-2.1"
            ],
            "authors": [
                {
                    "name": "Jim Jagielski",
                    "email": "jimjag@gmail.com"
                },
                {
                    "name": "Marcus Bointon",
                    "email": "phpmailer@synchromedia.co.uk"
                },
                {
                    "name": "Andy Prevost",
                    "email": "codeworxtech@users.sourceforge.net"
                },
                {
                    "name": "Brent R. Matzelle"
                }
            ],
            "description": "PHPMailer is a full-featured email creation and transfer class for PHP",
            "time": "2016-12-28T15:35:48+00:00"
        },
        {
            "name": "simplon/mysql",
            "version": "0.7.0",
            "source": {
                "type": "git",
                "url": "https://github.com/fightbulc/simplon_mysql.git",
                "reference": "f2f42330c2c1056268e1a9885813b521a71b7999"
            },
            "dist": {
                "type": "zip",
                "url": "https://api.github.com/repos/fightbulc/simplon_mysql/zipball/f2f42330c2c1056268e1a9885813b521a71b7999",
                "reference": "f2f42330c2c1056268e1a9885813b521a71b7999",
                "shasum": ""
            },
            "require": {
                "ext-pdo": "*",
                "php": ">=5.3"
            },
            "type": "library",
            "autoload": {
                "psr-4": {
                    "Simplon\\Mysql\\": "src/"
                }
            },
            "notification-url": "https://packagist.org/downloads/",
            "license": [
                "MIT"
            ],
            "authors": [
                {
                    "name": "Tino Ehrich",
                    "email": "tino@bigpun.me",
                    "role": "developer"
                }
            ],
            "description": "Simplon MySQL Library",
            "homepage": "https://github.com/fightbulc/simplon_mysql",
            "keywords": [
                "db",
                "manager",
                "mysql",
                "pdo"
            ],
            "time": "2015-03-25T08:01:56+00:00"
        },
        {
            "name": "twig/twig",
            "version": "v1.25.0",
            "source": {
                "type": "git",
                "url": "https://github.com/twigphp/Twig.git",
                "reference": "f16a634ab08d87e520da5671ec52153d627f10f6"
            },
            "dist": {
                "type": "zip",
                "url": "https://api.github.com/repos/twigphp/Twig/zipball/f16a634ab08d87e520da5671ec52153d627f10f6",
                "reference": "f16a634ab08d87e520da5671ec52153d627f10f6",
                "shasum": ""
            },
            "require": {
                "php": ">=5.2.7"
            },
            "require-dev": {
                "symfony/debug": "~2.7",
                "symfony/phpunit-bridge": "~2.7"
            },
            "type": "library",
            "extra": {
                "branch-alias": {
                    "dev-master": "1.25-dev"
                }
            },
            "autoload": {
                "psr-0": {
                    "Twig_": "lib/"
                }
            },
            "notification-url": "https://packagist.org/downloads/",
            "license": [
                "BSD-3-Clause"
            ],
            "authors": [
                {
                    "name": "Fabien Potencier",
                    "email": "fabien@symfony.com",
                    "homepage": "http://fabien.potencier.org",
                    "role": "Lead Developer"
                },
                {
                    "name": "Armin Ronacher",
                    "email": "armin.ronacher@active-4.com",
                    "role": "Project Founder"
                },
                {
                    "name": "Twig Team",
                    "homepage": "http://twig.sensiolabs.org/contributors",
                    "role": "Contributors"
                }
            ],
            "description": "Twig, the flexible, fast, and secure template language for PHP",
            "homepage": "http://twig.sensiolabs.org",
            "keywords": [
                "templating"
            ],
            "time": "2016-09-21T23:05:12+00:00"
        }
    ],
    "packages-dev": [],
    "aliases": [],
    "minimum-stability": "dev",
    "stability-flags": [],
    "prefer-stable": true,
    "prefer-lowest": false,
    "platform": [],
    "platform-dev": []
}
